// !$*UTF8*$!
{
	archiveVersion = 1;
	classes = {
	};
	objectVersion = 50;
	objects = {

/* Begin PBXBuildFile section */
		4A8AE3E7258B2F9400DC1C9F /* AppDelegate.swift in Sources */ = {isa = PBXBuildFile; fileRef = 4A8AE3E6258B2F9400DC1C9F /* AppDelegate.swift */; };
		4A8AE3E9258B2F9400DC1C9F /* SceneDelegate.swift in Sources */ = {isa = PBXBuildFile; fileRef = 4A8AE3E8258B2F9400DC1C9F /* SceneDelegate.swift */; };
		4A8AE3EB258B2F9400DC1C9F /* ViewController.swift in Sources */ = {isa = PBXBuildFile; fileRef = 4A8AE3EA258B2F9400DC1C9F /* ViewController.swift */; };
		4A8AE3EE258B2F9400DC1C9F /* Main.storyboard in Resources */ = {isa = PBXBuildFile; fileRef = 4A8AE3EC258B2F9400DC1C9F /* Main.storyboard */; };
		4A8AE3F0258B2F9600DC1C9F /* Assets.xcassets in Resources */ = {isa = PBXBuildFile; fileRef = 4A8AE3EF258B2F9600DC1C9F /* Assets.xcassets */; };
		4A8AE3F3258B2F9600DC1C9F /* LaunchScreen.storyboard in Resources */ = {isa = PBXBuildFile; fileRef = 4A8AE3F1258B2F9600DC1C9F /* LaunchScreen.storyboard */; };
/* End PBXBuildFile section */

/* Begin PBXFileReference section */
		4A8AE3E3258B2F9400DC1C9F /* I Am Poor.app */ = {isa = PBXFileReference; explicitFileType = wrapper.application; includeInIndex = 0; path = "I Am Poor.app"; sourceTree = BUILT_PRODUCTS_DIR; };
		4A8AE3E6258B2F9400DC1C9F /* AppDelegate.swift */ = {isa = PBXFileReference; lastKnownFileType = sourcecode.swift; path = AppDelegate.swift; sourceTree = "<group>"; };
		4A8AE3E8258B2F9400DC1C9F /* SceneDelegate.swift */ = {isa = PBXFileReference; lastKnownFileType = sourcecode.swift; path = SceneDelegate.swift; sourceTree = "<group>"; };
		4A8AE3EA258B2F9400DC1C9F /* ViewController.swift */ = {isa = PBXFileReference; lastKnownFileType = sourcecode.swift; path = ViewController.swift; sourceTree = "<group>"; };
		4A8AE3ED258B2F9400DC1C9F /* Base */ = {isa = PBXFileReference; lastKnownFileType = file.storyboard; name = Base; path = Base.lproj/Main.storyboard; sourceTree = "<group>"; };
		4A8AE3EF258B2F9600DC1C9F /* Assets.xcassets */ = {isa = PBXFileReference; lastKnownFileType = folder.assetcatalog; path = Assets.xcassets; sourceTree = "<group>"; };
		4A8AE3F2258B2F9600DC1C9F /* Base */ = {isa = PBXFileReference; lastKnownFileType = file.storyboard; name = Base; path = Base.lproj/LaunchScreen.storyboard; sourceTree = "<group>"; };
		4A8AE3F4258B2F9600DC1C9F /* Info.plist */ = {isa = PBXFileReference; lastKnownFileType = text.plist.xml; path = Info.plist; sourceTree = "<group>"; };
/* End PBXFileReference section */

/* Begin PBXFrameworksBuildPhase section */
		4A8AE3E0258B2F9400DC1C9F /* Frameworks */ = {
			isa = PBXFrameworksBuildPhase;
			buildActionMask = 2147483647;
			files = (
			);
			runOnlyForDeploymentPostprocessing = 0;
		};
/* End PBXFrameworksBuildPhase section */

/* Begin PBXGroup section */
		4A8AE3DA258B2F9400DC1C9F = {
			isa = PBXGroup;
			children = (
				4A8AE3E5258B2F9400DC1C9F /* I Am Poor */,
				4A8AE3E4258B2F9400DC1C9F /* Products */,
			);
			sourceTree = "<group>";
		};
		4A8AE3E4258B2F9400DC1C9F /* Products */ = {
			isa = PBXGroup;
			children = (
				4A8AE3E3258B2F9400DC1C9F /* I Am Poor.app */,
			);
			name = Products;
			sourceTree = "<group>";
		};
		4A8AE3E5258B2F9400DC1C9F /* I Am Poor */ = {
			isa = PBXGroup;
			children = (
				4A8AE3E6258B2F9400DC1C9F /* AppDelegate.swift */,
				4A8AE3E8258B2F9400DC1C9F /* SceneDelegate.swift */,
				4A8AE3EA258B2F9400DC1C9F /* ViewController.swift */,
				4A8AE3EC258B2F9400DC1C9F /* Main.storyboard */,
				4A8AE3EF258B2F9600DC1C9F /* Assets.xcassets */,
				4A8AE3F1258B2F9600DC1C9F /* LaunchScreen.storyboard */,
				4A8AE3F4258B2F9600DC1C9F /* Info.plist */,
			);
			path = "I Am Poor";
			sourceTree = "<group>";
		};
/* End PBXGroup section */

/* Begin PBXNativeTarget section */
		4A8AE3E2258B2F9400DC1C9F /* I Am Poor */ = {
			isa = PBXNativeTarget;
			buildConfigurationList = 4A8AE3F7258B2F9600DC1C9F /* Build configuration list for PBXNativeTarget "I Am Poor" */;
			buildPhases = (
				4A8AE3DF258B2F9400DC1C9F /* Sources */,
				4A8AE3E0258B2F9400DC1C9F /* Frameworks */,
				4A8AE3E1258B2F9400DC1C9F /* Resources */,
			);
			buildRules = (
			);
			dependencies = (
			);
			name = "I Am Poor";
			productName = "I Am Poor";
			productReference = 4A8AE3E3258B2F9400DC1C9F /* I Am Poor.app */;
			productType = "com.apple.product-type.application";
		};
/* End PBXNativeTarget section */

/* Begin PBXProject section */
		4A8AE3DB258B2F9400DC1C9F /* Project object */ = {
			isa = PBXProject;
			attributes = {
				LastSwiftUpdateCheck = 1220;
				LastUpgradeCheck = 1220;
				TargetAttributes = {
					4A8AE3E2258B2F9400DC1C9F = {
						CreatedOnToolsVersion = 12.2;
					};
				};
			};
			buildConfigurationList = 4A8AE3DE258B2F9400DC1C9F /* Build configuration list for PBXProject "I Am Poor" */;
			compatibilityVersion = "Xcode 9.3";
			developmentRegion = en;
			hasScannedForEncodings = 0;
			knownRegions = (
				en,
				Base,
			);
			mainGroup = 4A8AE3DA258B2F9400DC1C9F;
			productRefGroup = 4A8AE3E4258B2F9400DC1C9F /* Products */;
			projectDirPath = "";
			projectRoot = "";
			targets = (
				4A8AE3E2258B2F9400DC1C9F /* I Am Poor */,
			);
		};
/* End PBXProject section */

/* Begin PBXResourcesBuildPhase section */
		4A8AE3E1258B2F9400DC1C9F /* Resources */ = {
			isa = PBXResourcesBuildPhase;
			buildActionMask = 2147483647;
			files = (
				4A8AE3F3258B2F9600DC1C9F /* LaunchScreen.storyboard in Resources */,
				4A8AE3F0258B2F9600DC1C9F /* Assets.xcassets in Resources */,
				4A8AE3EE258B2F9400DC1C9F /* Main.storyboard in Resources */,
			);
			runOnlyForDeploymentPostprocessing = 0;
		};
/* End PBXResourcesBuildPhase section */

/* Begin PBXSourcesBuildPhase section */
		4A8AE3DF258B2F9400DC1C9F /* Sources */ = {
			isa = PBXSourcesBuildPhase;
			buildActionMask = 2147483647;
			files = (
				4A8AE3EB258B2F9400DC1C9F /* ViewController.swift in Sources */,
				4A8AE3E7258B2F9400DC1C9F /* AppDelegate.swift in Sources */,
				4A8AE3E9258B2F9400DC1C9F /* SceneDelegate.swift in Sources */,
			);
			runOnlyForDeploymentPostprocessing = 0;
		};
/* End PBXSourcesBuildPhase section */

/* Begin PBXVariantGroup section */
		4A8AE3EC258B2F9400DC1C9F /* Main.storyboard */ = {
			isa = PBXVariantGroup;
			children = (
				4A8AE3ED258B2F9400DC1C9F /* Base */,
			);
			name = Main.storyboard;
			sourceTree = "<group>";
		};
		4A8AE3F1258B2F9600DC1C9F /* LaunchScreen.storyboard */ = {
			isa = PBXVariantGroup;
			children = (
				4A8AE3F2258B2F9600DC1C9F /* Base */,
			);
			name = LaunchScreen.storyboard;
			sourceTree = "<group>";
		};
/* End PBXVariantGroup section */

/* Begin XCBuildConfiguration section */
		4A8AE3F5258B2F9600DC1C9F /* Debug */ = {
			isa = XCBuildConfiguration;
			buildSettings = {
				ALWAYS_SEARCH_USER_PATHS = NO;
				CLANG_ANALYZER_NONNULL = YES;
				CLANG_ANALYZER_NUMBER_OBJECT_CONVERSION = YES_AGGRESSIVE;
				CLANG_CXX_LANGUAGE_STANDARD = "gnu++14";
				CLANG_CXX_LIBRARY = "libc++";
				CLANG_ENABLE_MODULES = YES;
				CLANG_ENABLE_OBJC_ARC = YES;
				CLANG_ENABLE_OBJC_WEAK = YES;
				CLANG_WARN_BLOCK_CAPTURE_AUTORELEASING = YES;
				CLANG_WARN_BOOL_CONVERSION = YES;
				CLANG_WARN_COMMA = YES;
				CLANG_WARN_CONSTANT_CONVERSION = YES;
				CLANG_WARN_DEPRECATED_OBJC_IMPLEMENTATIONS = YES;
				CLANG_WARN_DIRECT_OBJC_ISA_USAGE = YES_ERROR;
				CLANG_WARN_DOCUMENTATION_COMMENTS = YES;
				CLANG_WARN_EMPTY_BODY = YES;
				CLANG_WARN_ENUM_CONVERSION = YES;
				CLANG_WARN_INFINITE_RECURSION = YES;
				CLANG_WARN_INT_CONVERSION = YES;
				CLANG_WARN_NON_LITERAL_NULL_CONVERSION = YES;
				CLANG_WARN_OBJC_IMPLICIT_RETAIN_SELF = YES;
				CLANG_WARN_OBJC_LITERAL_CONVERSION = YES;
				CLANG_WARN_OBJC_ROOT_CLASS = YES_ERROR;
				CLANG_WARN_QUOTED_INCLUDE_IN_FRAMEWORK_HEADER = YES;
				CLANG_WARN_RANGE_LOOP_ANALYSIS = YES;
				CLANG_WARN_STRICT_PROTOTYPES = YES;
				CLANG_WARN_SUSPICIOUS_MOVE = YES;
				CLANG_WARN_UNGUARDED_AVAILABILITY = YES_AGGRESSIVE;
				CLANG_WARN_UNREACHABLE_CODE = YES;
				CLANG_WARN__DUPLICATE_METHOD_MATCH = YES;
				COPY_PHASE_STRIP = NO;
				DEBUG_INFORMATION_FORMAT = dwarf;
				ENABLE_STRICT_OBJC_MSGSEND = YES;
				ENABLE_TESTABILITY = YES;
				GCC_C_LANGUAGE_STANDARD = gnu11;
				GCC_DYNAMIC_NO_PIC = NO;
				GCC_NO_COMMON_BLOCKS = YES;
				GCC_OPTIMIZATION_LEVEL = 0;
				GCC_PREPROCESSOR_DEFINITIONS = (
					"DEBUG=1",
					"$(inherited)",
				);
				GCC_WARN_64_TO_32_BIT_CONVERSION = YES;
				GCC_WARN_ABOUT_RETURN_TYPE = YES_ERROR;
				GCC_WARN_UNDECLARED_SELECTOR = YES;
				GCC_WARN_UNINITIALIZED_AUTOS = YES_AGGRESSIVE;
				GCC_WARN_UNUSED_FUNCTION = YES;
				GCC_WARN_UNUSED_VARIABLE = YES;
				IPHONEOS_DEPLOYMENT_TARGET = 14.2;
				MTL_ENABLE_DEBUG_INFO = INCLUDE_SOURCE;
				MTL_FAST_MATH = YES;
				ONLY_ACTIVE_ARCH = YES;
				SDKROOT = iphoneos;
				SWIFT_ACTIVE_COMPILATION_CONDITIONS = DEBUG;
				SWIFT_OPTIMIZATION_LEVEL = "-Onone";
			};
			name = Debug;
		};
		4A8AE3F6258B2F9600DC1C9F /* Release */ = {
			isa = XCBuildConfiguration;
			buildSettings = {
				ALWAYS_SEARCH_USER_PATHS = NO;
				CLANG_ANALYZER_NONNULL = YES;
				CLANG_ANALYZER_NUMBER_OBJECT_CONVERSION = YES_AGGRESSIVE;
				CLANG_CXX_LANGUAGE_STANDARD = "gnu++14";
				CLANG_CXX_LIBRARY = "libc++";
				CLANG_ENABLE_MODULES = YES;
				CLANG_ENABLE_OBJC_ARC = YES;
				CLANG_ENABLE_OBJC_WEAK = YES;
				CLANG_WARN_BLOCK_CAPTURE_AUTORELEASING = YES;
				CLANG_WARN_BOOL_CONVERSION = YES;
				CLANG_WARN_COMMA = YES;
				CLANG_WARN_CONSTANT_CONVERSION = YES;
				CLANG_WARN_DEPRECATED_OBJC_IMPLEMENTATIONS = YES;
				CLANG_WARN_DIRECT_OBJC_ISA_USAGE = YES_ERROR;
				CLANG_WARN_DOCUMENTATION_COMMENTS = YES;
				CLANG_WARN_EMPTY_BODY = YES;
				CLANG_WARN_ENUM_CONVERSION = YES;
				CLANG_WARN_INFINITE_RECURSION = YES;
				CLANG_WARN_INT_CONVERSION = YES;
				CLANG_WARN_NON_LITERAL_NULL_CONVERSION = YES;
				CLANG_WARN_OBJC_IMPLICIT_RETAIN_SELF = YES;
				CLANG_WARN_OBJC_LITERAL_CONVERSION = YES;
				CLANG_WARN_OBJC_ROOT_CLASS = YES_ERROR;
				CLANG_WARN_QUOTED_INCLUDE_IN_FRAMEWORK_HEADER = YES;
				CLANG_WARN_RANGE_LOOP_ANALYSIS = YES;
				CLANG_WARN_STRICT_PROTOTYPES = YES;
				CLANG_WARN_SUSPICIOUS_MOVE = YES;
				CLANG_WARN_UNGUARDED_AVAILABILITY = YES_AGGRESSIVE;
				CLANG_WARN_UNREACHABLE_CODE = YES;
				CLANG_WARN__DUPLICATE_METHOD_MATCH = YES;
				COPY_PHASE_STRIP = NO;
				DEBUG_INFORMATION_FORMAT = "dwarf-with-dsym";
				ENABLE_NS_ASSERTIONS = NO;
				ENABLE_STRICT_OBJC_MSGSEND = YES;
				GCC_C_LANGUAGE_STANDARD = gnu11;
				GCC_NO_COMMON_BLOCKS = YES;
				GCC_WARN_64_TO_32_BIT_CONVERSION = YES;
				GCC_WARN_ABOUT_RETURN_TYPE = YES_ERROR;
				GCC_WARN_UNDECLARED_SELECTOR = YES;
				GCC_WARN_UNINITIALIZED_AUTOS = YES_AGGRESSIVE;
				GCC_WARN_UNUSED_FUNCTION = YES;
				GCC_WARN_UNUSED_VARIABLE = YES;
				IPHONEOS_DEPLOYMENT_TARGET = 14.2;
				MTL_ENABLE_DEBUG_INFO = NO;
				MTL_FAST_MATH = YES;
				SDKROOT = iphoneos;
				SWIFT_COMPILATION_MODE = wholemodule;
				SWIFT_OPTIMIZATION_LEVEL = "-O";
				VALIDATE_PRODUCT = YES;
			};
			name = Release;
		};
		4A8AE3F8258B2F9600DC1C9F /* Debug */ = {
			isa = XCBuildConfiguration;
			buildSettings = {
				ASSETCATALOG_COMPILER_APPICON_NAME = AppIcon;
				ASSETCATALOG_COMPILER_GLOBAL_ACCENT_COLOR_NAME = AccentColor;
				CODE_SIGN_STYLE = Automatic;
				DEVELOPMENT_TEAM = 656PZ88AYL;
				INFOPLIST_FILE = "I Am Poor/Info.plist";
				LD_RUNPATH_SEARCH_PATHS = (
					"$(inherited)",
					"@executable_path/Frameworks",
				);
				PRODUCT_BUNDLE_IDENTIFIER = "com.mikhailZinovev.I-Am-Poor";
				PRODUCT_NAME = "$(TARGET_NAME)";
				SWIFT_VERSION = 5.0;
				TARGETED_DEVICE_FAMILY = "1,2";
			};
			name = Debug;
		};
		4A8AE3F9258B2F9600DC1C9F /* Release */ = {
			isa = XCBuildConfiguration;
			buildSettings = {
				ASSETCATALOG_COMPILER_APPICON_NAME = AppIcon;
				ASSETCATALOG_COMPILER_GLOBAL_ACCENT_COLOR_NAME = AccentColor;
				CODE_SIGN_STYLE = Automatic;
				DEVELOPMENT_TEAM = 656PZ88AYL;
				INFOPLIST_FILE = "I Am Poor/Info.plist";
				LD_RUNPATH_SEARCH_PATHS = (
					"$(inherited)",
					"@executable_path/Frameworks",
				);
				PRODUCT_BUNDLE_IDENTIFIER = "com.mikhailZinovev.I-Am-Poor";
				PRODUCT_NAME = "$(TARGET_NAME)";
				SWIFT_VERSION = 5.0;
				TARGETED_DEVICE_FAMILY = "1,2";
			};
			name = Release;
		};
/* End XCBuildConfiguration section */

/* Begin XCConfigurationList section */
		4A8AE3DE258B2F9400DC1C9F /* Build configuration list for PBXProject "I Am Poor" */ = {
			isa = XCConfigurationList;
			buildConfigurations = (
				4A8AE3F5258B2F9600DC1C9F /* Debug */,
				4A8AE3F6258B2F9600DC1C9F /* Release */,
			);
			defaultConfigurationIsVisible = 0;
			defaultConfigurationName = Release;
		};
		4A8AE3F7258B2F9600DC1C9F /* Build configuration list for PBXNativeTarget "I Am Poor" */ = {
			isa = XCConfigurationList;
			buildConfigurations = (
				4A8AE3F8258B2F9600DC1C9F /* Debug */,
				4A8AE3F9258B2F9600DC1C9F /* Release */,
			);
			defaultConfigurationIsVisible = 0;
			defaultConfigurationName = Release;
		};
/* End XCConfigurationList section */
	};
	rootObject = 4A8AE3DB258B2F9400DC1C9F /* Project object */;
}
